<?xml version="1.0" encoding="utf-8"?>
<Project ToolsVersion="4.0" xmlns="http://schemas.microsoft.com/developer/msbuild/2003">
  <ItemGroup>
    <Filter Include="Source Files">
      <UniqueIdentifier>{4FC737F1-C7A5-4376-A066-2A32D752A2FF}</UniqueIdentifier>
      <Extensions>cpp;c;cc;cxx;def;odl;idl;hpj;bat;asm;asmx</Extensions>
    </Filter>
    <Filter Include="Header Files">
      <UniqueIdentifier>{93995380-89BD-4b04-88EB-625FBE52EBFB}</UniqueIdentifier>
      <Extensions>h;hh;hpp;hxx;hm;inl;inc;xsd</Extensions>
    </Filter>
    <Filter Include="Resource Files">
      <UniqueIdentifier>{67DA6AB6-F800-4c08-8B7A-83BB121AAD01}</UniqueIdentifier>
      <Extensions>rc;ico;cur;bmp;dlg;rc2;rct;bin;rgs;gif;jpg;jpeg;jpe;resx;tiff;tif;png;wav;mfcribbon-ms</Extensions>
    </Filter>
  </ItemGroup>
  <ItemGroup>
    <ClInclude Include="stdafx.h">
      <Filter>Header Files</Filter>
    </ClInclude>
    <ClInclude Include="targetver.h">
      <Filter>Header Files</Filter>
    </ClInclude>
    <ClInclude Include="AutoAlignMgr.h">
      <Filter>Header Files</Filter>
    </ClInclude>
    <ClInclude Include="Reference_Mgr.h">
      <Filter>Header Files</Filter>
    </ClInclude>
    <ClInclude Include="ReferenceImg.h">
      <Filter>Header Files</Filter>
    </ClInclude>
    <ClInclude Include="PoseEstimator.h">
      <Filter>Header Files</Filter>
    </ClInclude>
    <ClInclude Include="FrontalPoseEstimator.h">
      <Filter>Header Files</Filter>
    </ClInclude>
    <ClInclude Include="SidePoseEstimator.h">
      <Filter>Header Files</Filter>
    </ClInclude>
    <ClInclude Include="TiltedPoseEstimator.h">
      <Filter>Header Files</Filter>
    </ClInclude>
    <ClInclude Include="ImageAligner.h">
      <Filter>Header Files</Filter>
    </ClInclude>
    <ClInclude Include="CommonDef.h">
      <Filter>Header Files</Filter>
    </ClInclude>
    <ClInclude Include="Reference_Detector.h">
      <Filter>Header Files</Filter>
    </ClInclude>
    <ClInclude Include="AutoAlignController.h">
      <Filter>Header Files</Filter>
    </ClInclude>
    <ClInclude Include="..\include\AutoImageAlignment.h">
      <Filter>Header Files</Filter>
    </ClInclude>
  </ItemGroup>
  <ItemGroup>
    <ClCompile Include="stdafx.cpp">
      <Filter>Source Files</Filter>
    </ClCompile>
    <ClCompile Include="dllmain.cpp">
      <Filter>Source Files</Filter>
    </ClCompile>
    <ClCompile Include="AutoAlignMgr.cpp">
      <Filter>Source Files</Filter>
    </ClCompile>
    <ClCompile Include="Reference_Mgr.cpp">
      <Filter>Source Files</Filter>
    </ClCompile>
    <ClCompile Include="ReferenceImg.cpp">
      <Filter>Source Files</Filter>
    </ClCompile>
    <ClCompile Include="PoseEstimator.cpp">
      <Filter>Source Files</Filter>
    </ClCompile>
    <ClCompile Include="FrontalPoseEstimator.cpp">
      <Filter>Source Files</Filter>
    </ClCompile>
    <ClCompile Include="SidePoseEstimator.cpp">
      <Filter>Source Files</Filter>
    </ClCompile>
    <ClCompile Include="TiltedPoseEstimator.cpp">
      <Filter>Source Files</Filter>
    </ClCompile>
    <ClCompile Include="ImageAligner.cpp">
      <Filter>Source Files</Filter>
    </ClCompile>
    <ClCompile Include="AutoImageAlignment.cpp">
      <Filter>Source Files</Filter>
    </ClCompile>
    <ClCompile Include="Reference_Detector.cpp">
      <Filter>Source Files</Filter>
    </ClCompile>
    <ClCompile Include="AutoAlignController.cpp">
      <Filter>Source Files</Filter>
    </ClCompile>
  </ItemGroup>
</Project>